
Microsoft Visual Studio Solution File, Format Version 12.00
# Visual Studio 15
VisualStudioVersion = 15.0.28307.852
MinimumVisualStudioVersion = 10.0.40219.1
Project("{FAE04EC0-301F-11D3-BF4B-00C04F79EFBC}") = "Superheroes", "Superheroes\Superheroes.csproj", "{D933F6CA-238B-484C-A178-CA1C2E2DC5FA}"
EndProject
Global
	GlobalSection(SolutionConfigurationPlatforms) = preSolution
		Debug|Any CPU = Debug|Any CPU
		Release|Any CPU = Release|Any CPU
	EndGlobalSection
	GlobalSection(ProjectConfigurationPlatforms) = postSolution
		{D933F6CA-238B-484C-A178-CA1C2E2DC5FA}.Debug|Any CPU.ActiveCfg = Debug|Any CPU
		{D933F6CA-238B-484C-A178-CA1C2E2DC5FA}.Debug|Any CPU.Build.0 = Debug|Any CPU
		{D933F6CA-238B-484C-A178-CA1C2E2DC5FA}.Release|Any CPU.ActiveCfg = Release|Any CPU
		{D933F6CA-238B-484C-A178-CA1C2E2DC5FA}.Release|Any CPU.Build.0 = Release|Any CPU
	EndGlobalSection
	GlobalSection(SolutionProperties) = preSolution
		HideSolutionNode = FALSE
	EndGlobalSection
	GlobalSection(ExtensibilityGlobals) = postSolution
		SolutionGuid = {D0AEE547-92A3-4FEA-94CE-8EF409CC1FDA}
	EndGlobalSection
EndGlobal
